
Microsoft Visual Studio Solution File, Format Version 12.00
# Visual Studio 15
VisualStudioVersion = 15.0.27703.2026
MinimumVisualStudioVersion = 10.0.40219.1
Project("{FAE04EC0-301F-11D3-BF4B-00C04F79EFBC}") = "01. Odd Lines", "01. Odd Lines\01. Odd Lines.csproj", "{03229C60-9900-4396-B246-B9C80C1F262F}"
EndProject
Project("{FAE04EC0-301F-11D3-BF4B-00C04F79EFBC}") = "02. Line Numbers", "02. Line Numbers\02. Line Numbers.csproj", "{ABD2ECAF-0799-4701-8AD8-6643E130821A}"
EndProject
Project("{FAE04EC0-301F-11D3-BF4B-00C04F79EFBC}") = "03. Word Count", "03. Word Count\03. Word Count.csproj", "{DA58FB05-0E1B-4AF8-B7A6-4A636DC0976A}"
EndProject
Project("{FAE04EC0-301F-11D3-BF4B-00C04F79EFBC}") = "04. Copy Binary File", "04. Copy Binary File\04. Copy Binary File.csproj", "{BD6D0325-1375-4A22-AAB9-B08B31032978}"
EndProject
Project("{FAE04EC0-301F-11D3-BF4B-00C04F79EFBC}") = "05. Slicing File", "05. Slicing File\05. Slicing File.csproj", "{73D8FA44-1F0A-4970-AE43-06E0B30C9149}"
EndProject
Project("{FAE04EC0-301F-11D3-BF4B-00C04F79EFBC}") = "06. Zipping Sliced Files", "06. Zipping Sliced Files\06. Zipping Sliced Files.csproj", "{52D50CAD-FB47-4236-8DBF-54D6AD4ABA48}"
EndProject
Project("{FAE04EC0-301F-11D3-BF4B-00C04F79EFBC}") = "07. Directory Traversal", "07. Directory Traversal\07. Directory Traversal.csproj", "{7AD61831-63D2-4BB7-B127-0D635D843B10}"
EndProject
Project("{FAE04EC0-301F-11D3-BF4B-00C04F79EFBC}") = "08. Full Directory Traversal", "08. Full Directory Traversal\08. Full Directory Traversal.csproj", "{627E1E5A-CE46-4FAC-B59A-6497D3F55158}"
EndProject
Project("{FAE04EC0-301F-11D3-BF4B-00C04F79EFBC}") = "09. HTTP Server", "09. HTTP Server\09. HTTP Server.csproj", "{ECE0913E-05EF-49FC-A3E9-91A6A94091CA}"
EndProject
Global
	GlobalSection(SolutionConfigurationPlatforms) = preSolution
		Debug|Any CPU = Debug|Any CPU
		Release|Any CPU = Release|Any CPU
	EndGlobalSection
	GlobalSection(ProjectConfigurationPlatforms) = postSolution
		{03229C60-9900-4396-B246-B9C80C1F262F}.Debug|Any CPU.ActiveCfg = Debug|Any CPU
		{03229C60-9900-4396-B246-B9C80C1F262F}.Debug|Any CPU.Build.0 = Debug|Any CPU
		{03229C60-9900-4396-B246-B9C80C1F262F}.Release|Any CPU.ActiveCfg = Release|Any CPU
		{03229C60-9900-4396-B246-B9C80C1F262F}.Release|Any CPU.Build.0 = Release|Any CPU
		{ABD2ECAF-0799-4701-8AD8-6643E130821A}.Debug|Any CPU.ActiveCfg = Debug|Any CPU
		{ABD2ECAF-0799-4701-8AD8-6643E130821A}.Debug|Any CPU.Build.0 = Debug|Any CPU
		{ABD2ECAF-0799-4701-8AD8-6643E130821A}.Release|Any CPU.ActiveCfg = Release|Any CPU
		{ABD2ECAF-0799-4701-8AD8-6643E130821A}.Release|Any CPU.Build.0 = Release|Any CPU
		{DA58FB05-0E1B-4AF8-B7A6-4A636DC0976A}.Debug|Any CPU.ActiveCfg = Debug|Any CPU
		{DA58FB05-0E1B-4AF8-B7A6-4A636DC0976A}.Debug|Any CPU.Build.0 = Debug|Any CPU
		{DA58FB05-0E1B-4AF8-B7A6-4A636DC0976A}.Release|Any CPU.ActiveCfg = Release|Any CPU
		{DA58FB05-0E1B-4AF8-B7A6-4A636DC0976A}.Release|Any CPU.Build.0 = Release|Any CPU
		{BD6D0325-1375-4A22-AAB9-B08B31032978}.Debug|Any CPU.ActiveCfg = Debug|Any CPU
		{BD6D0325-1375-4A22-AAB9-B08B31032978}.Debug|Any CPU.Build.0 = Debug|Any CPU
		{BD6D0325-1375-4A22-AAB9-B08B31032978}.Release|Any CPU.ActiveCfg = Release|Any CPU
		{BD6D0325-1375-4A22-AAB9-B08B31032978}.Release|Any CPU.Build.0 = Release|Any CPU
		{73D8FA44-1F0A-4970-AE43-06E0B30C9149}.Debug|Any CPU.ActiveCfg = Debug|Any CPU
		{73D8FA44-1F0A-4970-AE43-06E0B30C9149}.Debug|Any CPU.Build.0 = Debug|Any CPU
		{73D8FA44-1F0A-4970-AE43-06E0B30C9149}.Release|Any CPU.ActiveCfg = Release|Any CPU
		{73D8FA44-1F0A-4970-AE43-06E0B30C9149}.Release|Any CPU.Build.0 = Release|Any CPU
		{52D50CAD-FB47-4236-8DBF-54D6AD4ABA48}.Debug|Any CPU.ActiveCfg = Debug|Any CPU
		{52D50CAD-FB47-4236-8DBF-54D6AD4ABA48}.Debug|Any CPU.Build.0 = Debug|Any CPU
		{52D50CAD-FB47-4236-8DBF-54D6AD4ABA48}.Release|Any CPU.ActiveCfg = Release|Any CPU
		{52D50CAD-FB47-4236-8DBF-54D6AD4ABA48}.Release|Any CPU.Build.0 = Release|Any CPU
		{7AD61831-63D2-4BB7-B127-0D635D843B10}.Debug|Any CPU.ActiveCfg = Debug|Any CPU
		{7AD61831-63D2-4BB7-B127-0D635D843B10}.Debug|Any CPU.Build.0 = Debug|Any CPU
		{7AD61831-63D2-4BB7-B127-0D635D843B10}.Release|Any CPU.ActiveCfg = Release|Any CPU
		{7AD61831-63D2-4BB7-B127-0D635D843B10}.Release|Any CPU.Build.0 = Release|Any CPU
		{627E1E5A-CE46-4FAC-B59A-6497D3F55158}.Debug|Any CPU.ActiveCfg = Debug|Any CPU
		{627E1E5A-CE46-4FAC-B59A-6497D3F55158}.Debug|Any CPU.Build.0 = Debug|Any CPU
		{627E1E5A-CE46-4FAC-B59A-6497D3F55158}.Release|Any CPU.ActiveCfg = Release|Any CPU
		{627E1E5A-CE46-4FAC-B59A-6497D3F55158}.Release|Any CPU.Build.0 = Release|Any CPU
		{ECE0913E-05EF-49FC-A3E9-91A6A94091CA}.Debug|Any CPU.ActiveCfg = Debug|Any CPU
		{ECE0913E-05EF-49FC-A3E9-91A6A94091CA}.Debug|Any CPU.Build.0 = Debug|Any CPU
		{ECE0913E-05EF-49FC-A3E9-91A6A94091CA}.Release|Any CPU.ActiveCfg = Release|Any CPU
		{ECE0913E-05EF-49FC-A3E9-91A6A94091CA}.Release|Any CPU.Build.0 = Release|Any CPU
	EndGlobalSection
	GlobalSection(SolutionProperties) = preSolution
		HideSolutionNode = FALSE
	EndGlobalSection
	GlobalSection(ExtensibilityGlobals) = postSolution
		SolutionGuid = {0D8F210E-A2D5-4191-A468-AE1BE7F5E73B}
	EndGlobalSection
EndGlobal
