
Microsoft Visual Studio Solution File, Format Version 12.00
# Visual Studio 15
VisualStudioVersion = 15.0.28010.2026
MinimumVisualStudioVersion = 10.0.40219.1
Project("{9A19103F-16F7-4668-BE54-9A1E7A4F7556}") = "02. Sum Matrix Columns", "02. Sum Matrix Columns\02. Sum Matrix Columns.csproj", "{85D69858-42F0-4C3B-8493-2866D81F7639}"
EndProject
Project("{9A19103F-16F7-4668-BE54-9A1E7A4F7556}") = "05.Square with maximum sum", "05.Square with maximum sum\05.Square with maximum sum.csproj", "{B112309F-1EF8-428F-AE07-8060F555713A}"
EndProject
Project("{9A19103F-16F7-4668-BE54-9A1E7A4F7556}") = "08.Pascal Triangle", "08.Pascal Triangle\08.Pascal Triangle.csproj", "{D07D377E-F944-4FCE-AC8D-530064E0CD42}"
EndProject
Project("{9A19103F-16F7-4668-BE54-9A1E7A4F7556}") = "07.Group Numbers", "07.Group Numbers\07.Group Numbers.csproj", "{1BA06733-8536-417B-9CC6-CEF5ECE858CE}"
EndProject
Project("{9A19103F-16F7-4668-BE54-9A1E7A4F7556}") = "01. Sum Matrix Elements", "01. Sum Matrix Elements\01. Sum Matrix Elements.csproj", "{20EBD430-F107-4D96-8563-F7ED0345A64E}"
EndProject
Project("{2150E333-8FDC-42A3-9474-1A3956D46DE8}") = "Lab", "Lab", "{70FE0667-3E41-4341-A2DD-9264406C7CCE}"
EndProject
Project("{2150E333-8FDC-42A3-9474-1A3956D46DE8}") = "Exercise", "Exercise", "{F1FFC023-1BE9-4D0B-B1FB-B359D09B8A66}"
EndProject
Project("{9A19103F-16F7-4668-BE54-9A1E7A4F7556}") = "01.Matrix of Palindromes", "01.Matrix of Palindromes\01.Matrix of Palindromes.csproj", "{4EEC3B73-BD4E-4335-97FD-16EF144051DD}"
EndProject
Project("{9A19103F-16F7-4668-BE54-9A1E7A4F7556}") = "02.Diagonal Difference", "02.Diagonal Difference\02.Diagonal Difference.csproj", "{82477CF1-8C5E-4721-86BC-A1E9920BE0D0}"
EndProject
Project("{9A19103F-16F7-4668-BE54-9A1E7A4F7556}") = "03.2x2 Squares in Matrix", "03.Problem 3. 2x2 Squares in Matrix\03.2x2 Squares in Matrix.csproj", "{311563C5-5969-433C-9787-2E0C232497B6}"
EndProject
Project("{9A19103F-16F7-4668-BE54-9A1E7A4F7556}") = "04.Maximal Sum", "04.Maximal Sum\04.Maximal Sum.csproj", "{13EDE9DC-CD72-4C2B-9E46-5909EA0BE3A8}"
EndProject
Project("{9A19103F-16F7-4668-BE54-9A1E7A4F7556}") = "05. Rubiks Matrix", "05. Rubiks Matrix\05. Rubiks Matrix.csproj", "{65F7379A-024F-4E16-8D2E-C67B28863AED}"
EndProject
Project("{9A19103F-16F7-4668-BE54-9A1E7A4F7556}") = "06.Target Practice", "06.Target Practice\06.Target Practice.csproj", "{7F15D6AC-83D6-46F5-98A0-F06007443B8E}"
EndProject
Project("{9A19103F-16F7-4668-BE54-9A1E7A4F7556}") = "08. Radioactive Bunnies", "08. Radioactive Bunnies\08. Radioactive Bunnies.csproj", "{D153835A-6B4A-4993-8EB9-42351937FF43}"
EndProject
Project("{9A19103F-16F7-4668-BE54-9A1E7A4F7556}") = "07.LegoBlocks", "07.LegoBlocks\07.LegoBlocks.csproj", "{1231D43C-136D-4944-9CD7-3C66F285AA99}"
EndProject
Project("{9A19103F-16F7-4668-BE54-9A1E7A4F7556}") = "10.The Heigan Dance", "10.The Heigan Dance\10.The Heigan Dance.csproj", "{87B284A2-A3A7-4763-8F43-655E9814C03E}"
EndProject
Project("{FAE04EC0-301F-11D3-BF4B-00C04F79EFBC}") = "11. Parking System", "11. Parking System\11. Parking System.csproj", "{708ABB9C-6D04-407B-BD8D-BB40E74631F6}"
EndProject
Project("{FAE04EC0-301F-11D3-BF4B-00C04F79EFBC}") = "12.String Matrix Rotation", "12.String Matrix Rotation\12.String Matrix Rotation.csproj", "{22875AE5-CD2C-4326-8F2B-956EB5BC74C7}"
EndProject
Project("{FAE04EC0-301F-11D3-BF4B-00C04F79EFBC}") = "09.Crossfire", "09.Crossfire\09.Crossfire.csproj", "{5F00F7BE-EF5E-4994-BAB1-D45404FDB8BB}"
EndProject
Global
	GlobalSection(SolutionConfigurationPlatforms) = preSolution
		Debug|Any CPU = Debug|Any CPU
		Release|Any CPU = Release|Any CPU
	EndGlobalSection
	GlobalSection(ProjectConfigurationPlatforms) = postSolution
		{85D69858-42F0-4C3B-8493-2866D81F7639}.Debug|Any CPU.ActiveCfg = Debug|Any CPU
		{85D69858-42F0-4C3B-8493-2866D81F7639}.Debug|Any CPU.Build.0 = Debug|Any CPU
		{85D69858-42F0-4C3B-8493-2866D81F7639}.Release|Any CPU.ActiveCfg = Release|Any CPU
		{85D69858-42F0-4C3B-8493-2866D81F7639}.Release|Any CPU.Build.0 = Release|Any CPU
		{B112309F-1EF8-428F-AE07-8060F555713A}.Debug|Any CPU.ActiveCfg = Debug|Any CPU
		{B112309F-1EF8-428F-AE07-8060F555713A}.Debug|Any CPU.Build.0 = Debug|Any CPU
		{B112309F-1EF8-428F-AE07-8060F555713A}.Release|Any CPU.ActiveCfg = Release|Any CPU
		{B112309F-1EF8-428F-AE07-8060F555713A}.Release|Any CPU.Build.0 = Release|Any CPU
		{D07D377E-F944-4FCE-AC8D-530064E0CD42}.Debug|Any CPU.ActiveCfg = Debug|Any CPU
		{D07D377E-F944-4FCE-AC8D-530064E0CD42}.Debug|Any CPU.Build.0 = Debug|Any CPU
		{D07D377E-F944-4FCE-AC8D-530064E0CD42}.Release|Any CPU.ActiveCfg = Release|Any CPU
		{D07D377E-F944-4FCE-AC8D-530064E0CD42}.Release|Any CPU.Build.0 = Release|Any CPU
		{1BA06733-8536-417B-9CC6-CEF5ECE858CE}.Debug|Any CPU.ActiveCfg = Debug|Any CPU
		{1BA06733-8536-417B-9CC6-CEF5ECE858CE}.Debug|Any CPU.Build.0 = Debug|Any CPU
		{1BA06733-8536-417B-9CC6-CEF5ECE858CE}.Release|Any CPU.ActiveCfg = Release|Any CPU
		{1BA06733-8536-417B-9CC6-CEF5ECE858CE}.Release|Any CPU.Build.0 = Release|Any CPU
		{20EBD430-F107-4D96-8563-F7ED0345A64E}.Debug|Any CPU.ActiveCfg = Debug|Any CPU
		{20EBD430-F107-4D96-8563-F7ED0345A64E}.Debug|Any CPU.Build.0 = Debug|Any CPU
		{20EBD430-F107-4D96-8563-F7ED0345A64E}.Release|Any CPU.ActiveCfg = Release|Any CPU
		{20EBD430-F107-4D96-8563-F7ED0345A64E}.Release|Any CPU.Build.0 = Release|Any CPU
		{4EEC3B73-BD4E-4335-97FD-16EF144051DD}.Debug|Any CPU.ActiveCfg = Debug|Any CPU
		{4EEC3B73-BD4E-4335-97FD-16EF144051DD}.Debug|Any CPU.Build.0 = Debug|Any CPU
		{4EEC3B73-BD4E-4335-97FD-16EF144051DD}.Release|Any CPU.ActiveCfg = Release|Any CPU
		{4EEC3B73-BD4E-4335-97FD-16EF144051DD}.Release|Any CPU.Build.0 = Release|Any CPU
		{82477CF1-8C5E-4721-86BC-A1E9920BE0D0}.Debug|Any CPU.ActiveCfg = Debug|Any CPU
		{82477CF1-8C5E-4721-86BC-A1E9920BE0D0}.Debug|Any CPU.Build.0 = Debug|Any CPU
		{82477CF1-8C5E-4721-86BC-A1E9920BE0D0}.Release|Any CPU.ActiveCfg = Release|Any CPU
		{82477CF1-8C5E-4721-86BC-A1E9920BE0D0}.Release|Any CPU.Build.0 = Release|Any CPU
		{311563C5-5969-433C-9787-2E0C232497B6}.Debug|Any CPU.ActiveCfg = Debug|Any CPU
		{311563C5-5969-433C-9787-2E0C232497B6}.Debug|Any CPU.Build.0 = Debug|Any CPU
		{311563C5-5969-433C-9787-2E0C232497B6}.Release|Any CPU.ActiveCfg = Release|Any CPU
		{311563C5-5969-433C-9787-2E0C232497B6}.Release|Any CPU.Build.0 = Release|Any CPU
		{13EDE9DC-CD72-4C2B-9E46-5909EA0BE3A8}.Debug|Any CPU.ActiveCfg = Debug|Any CPU
		{13EDE9DC-CD72-4C2B-9E46-5909EA0BE3A8}.Debug|Any CPU.Build.0 = Debug|Any CPU
		{13EDE9DC-CD72-4C2B-9E46-5909EA0BE3A8}.Release|Any CPU.ActiveCfg = Release|Any CPU
		{13EDE9DC-CD72-4C2B-9E46-5909EA0BE3A8}.Release|Any CPU.Build.0 = Release|Any CPU
		{65F7379A-024F-4E16-8D2E-C67B28863AED}.Debug|Any CPU.ActiveCfg = Debug|Any CPU
		{65F7379A-024F-4E16-8D2E-C67B28863AED}.Debug|Any CPU.Build.0 = Debug|Any CPU
		{65F7379A-024F-4E16-8D2E-C67B28863AED}.Release|Any CPU.ActiveCfg = Release|Any CPU
		{65F7379A-024F-4E16-8D2E-C67B28863AED}.Release|Any CPU.Build.0 = Release|Any CPU
		{7F15D6AC-83D6-46F5-98A0-F06007443B8E}.Debug|Any CPU.ActiveCfg = Debug|Any CPU
		{7F15D6AC-83D6-46F5-98A0-F06007443B8E}.Debug|Any CPU.Build.0 = Debug|Any CPU
		{7F15D6AC-83D6-46F5-98A0-F06007443B8E}.Release|Any CPU.ActiveCfg = Release|Any CPU
		{7F15D6AC-83D6-46F5-98A0-F06007443B8E}.Release|Any CPU.Build.0 = Release|Any CPU
		{D153835A-6B4A-4993-8EB9-42351937FF43}.Debug|Any CPU.ActiveCfg = Debug|Any CPU
		{D153835A-6B4A-4993-8EB9-42351937FF43}.Debug|Any CPU.Build.0 = Debug|Any CPU
		{D153835A-6B4A-4993-8EB9-42351937FF43}.Release|Any CPU.ActiveCfg = Release|Any CPU
		{D153835A-6B4A-4993-8EB9-42351937FF43}.Release|Any CPU.Build.0 = Release|Any CPU
		{1231D43C-136D-4944-9CD7-3C66F285AA99}.Debug|Any CPU.ActiveCfg = Debug|Any CPU
		{1231D43C-136D-4944-9CD7-3C66F285AA99}.Debug|Any CPU.Build.0 = Debug|Any CPU
		{1231D43C-136D-4944-9CD7-3C66F285AA99}.Release|Any CPU.ActiveCfg = Release|Any CPU
		{1231D43C-136D-4944-9CD7-3C66F285AA99}.Release|Any CPU.Build.0 = Release|Any CPU
		{87B284A2-A3A7-4763-8F43-655E9814C03E}.Debug|Any CPU.ActiveCfg = Debug|Any CPU
		{87B284A2-A3A7-4763-8F43-655E9814C03E}.Debug|Any CPU.Build.0 = Debug|Any CPU
		{87B284A2-A3A7-4763-8F43-655E9814C03E}.Release|Any CPU.ActiveCfg = Release|Any CPU
		{87B284A2-A3A7-4763-8F43-655E9814C03E}.Release|Any CPU.Build.0 = Release|Any CPU
		{708ABB9C-6D04-407B-BD8D-BB40E74631F6}.Debug|Any CPU.ActiveCfg = Debug|Any CPU
		{708ABB9C-6D04-407B-BD8D-BB40E74631F6}.Debug|Any CPU.Build.0 = Debug|Any CPU
		{708ABB9C-6D04-407B-BD8D-BB40E74631F6}.Release|Any CPU.ActiveCfg = Release|Any CPU
		{708ABB9C-6D04-407B-BD8D-BB40E74631F6}.Release|Any CPU.Build.0 = Release|Any CPU
		{22875AE5-CD2C-4326-8F2B-956EB5BC74C7}.Debug|Any CPU.ActiveCfg = Debug|Any CPU
		{22875AE5-CD2C-4326-8F2B-956EB5BC74C7}.Debug|Any CPU.Build.0 = Debug|Any CPU
		{22875AE5-CD2C-4326-8F2B-956EB5BC74C7}.Release|Any CPU.ActiveCfg = Release|Any CPU
		{22875AE5-CD2C-4326-8F2B-956EB5BC74C7}.Release|Any CPU.Build.0 = Release|Any CPU
		{5F00F7BE-EF5E-4994-BAB1-D45404FDB8BB}.Debug|Any CPU.ActiveCfg = Debug|Any CPU
		{5F00F7BE-EF5E-4994-BAB1-D45404FDB8BB}.Debug|Any CPU.Build.0 = Debug|Any CPU
		{5F00F7BE-EF5E-4994-BAB1-D45404FDB8BB}.Release|Any CPU.ActiveCfg = Release|Any CPU
		{5F00F7BE-EF5E-4994-BAB1-D45404FDB8BB}.Release|Any CPU.Build.0 = Release|Any CPU
	EndGlobalSection
	GlobalSection(SolutionProperties) = preSolution
		HideSolutionNode = FALSE
	EndGlobalSection
	GlobalSection(NestedProjects) = preSolution
		{85D69858-42F0-4C3B-8493-2866D81F7639} = {70FE0667-3E41-4341-A2DD-9264406C7CCE}
		{B112309F-1EF8-428F-AE07-8060F555713A} = {70FE0667-3E41-4341-A2DD-9264406C7CCE}
		{D07D377E-F944-4FCE-AC8D-530064E0CD42} = {70FE0667-3E41-4341-A2DD-9264406C7CCE}
		{1BA06733-8536-417B-9CC6-CEF5ECE858CE} = {70FE0667-3E41-4341-A2DD-9264406C7CCE}
		{20EBD430-F107-4D96-8563-F7ED0345A64E} = {70FE0667-3E41-4341-A2DD-9264406C7CCE}
		{4EEC3B73-BD4E-4335-97FD-16EF144051DD} = {F1FFC023-1BE9-4D0B-B1FB-B359D09B8A66}
		{82477CF1-8C5E-4721-86BC-A1E9920BE0D0} = {F1FFC023-1BE9-4D0B-B1FB-B359D09B8A66}
		{311563C5-5969-433C-9787-2E0C232497B6} = {F1FFC023-1BE9-4D0B-B1FB-B359D09B8A66}
		{13EDE9DC-CD72-4C2B-9E46-5909EA0BE3A8} = {F1FFC023-1BE9-4D0B-B1FB-B359D09B8A66}
		{65F7379A-024F-4E16-8D2E-C67B28863AED} = {F1FFC023-1BE9-4D0B-B1FB-B359D09B8A66}
		{7F15D6AC-83D6-46F5-98A0-F06007443B8E} = {F1FFC023-1BE9-4D0B-B1FB-B359D09B8A66}
		{D153835A-6B4A-4993-8EB9-42351937FF43} = {F1FFC023-1BE9-4D0B-B1FB-B359D09B8A66}
		{1231D43C-136D-4944-9CD7-3C66F285AA99} = {F1FFC023-1BE9-4D0B-B1FB-B359D09B8A66}
		{87B284A2-A3A7-4763-8F43-655E9814C03E} = {F1FFC023-1BE9-4D0B-B1FB-B359D09B8A66}
		{708ABB9C-6D04-407B-BD8D-BB40E74631F6} = {F1FFC023-1BE9-4D0B-B1FB-B359D09B8A66}
		{22875AE5-CD2C-4326-8F2B-956EB5BC74C7} = {F1FFC023-1BE9-4D0B-B1FB-B359D09B8A66}
		{5F00F7BE-EF5E-4994-BAB1-D45404FDB8BB} = {F1FFC023-1BE9-4D0B-B1FB-B359D09B8A66}
	EndGlobalSection
	GlobalSection(ExtensibilityGlobals) = postSolution
		SolutionGuid = {4AB0B28F-7E95-4A45-BDCE-A27502DA6748}
	EndGlobalSection
EndGlobal
