
Microsoft Visual Studio Solution File, Format Version 12.00
# Visual Studio 15
VisualStudioVersion = 15.0.27703.2026
MinimumVisualStudioVersion = 10.0.40219.1
Project("{9A19103F-16F7-4668-BE54-9A1E7A4F7556}") = "03.Word Count", "03.Word Count.csproj", "{AB03BC1C-4355-4E02-8E26-D134FD2C1F00}"
EndProject
Global
	GlobalSection(SolutionConfigurationPlatforms) = preSolution
		Debug|Any CPU = Debug|Any CPU
		Release|Any CPU = Release|Any CPU
	EndGlobalSection
	GlobalSection(ProjectConfigurationPlatforms) = postSolution
		{AB03BC1C-4355-4E02-8E26-D134FD2C1F00}.Debug|Any CPU.ActiveCfg = Debug|Any CPU
		{AB03BC1C-4355-4E02-8E26-D134FD2C1F00}.Debug|Any CPU.Build.0 = Debug|Any CPU
		{AB03BC1C-4355-4E02-8E26-D134FD2C1F00}.Release|Any CPU.ActiveCfg = Release|Any CPU
		{AB03BC1C-4355-4E02-8E26-D134FD2C1F00}.Release|Any CPU.Build.0 = Release|Any CPU
	EndGlobalSection
	GlobalSection(SolutionProperties) = preSolution
		HideSolutionNode = FALSE
	EndGlobalSection
	GlobalSection(ExtensibilityGlobals) = postSolution
		SolutionGuid = {FA255324-6F1B-4FEC-9460-79989F2D99F1}
	EndGlobalSection
EndGlobal
