
Microsoft Visual Studio Solution File, Format Version 12.00
# Visual Studio 15
VisualStudioVersion = 15.0.27703.2026
MinimumVisualStudioVersion = 10.0.40219.1
Project("{FAE04EC0-301F-11D3-BF4B-00C04F79EFBC}") = "01.Action Point", "01.Action Point\01.Action Point.csproj", "{C7CF62A6-C600-4F62-A969-3790327E2A45}"
EndProject
Project("{FAE04EC0-301F-11D3-BF4B-00C04F79EFBC}") = "02. Knights Of Honor", "02. Knights Of Honor\02. Knights Of Honor.csproj", "{B6D706EF-9CE2-4046-896F-F4C56D2ED2F8}"
EndProject
Project("{FAE04EC0-301F-11D3-BF4B-00C04F79EFBC}") = "03. Custom Min Function", "03. Custom Min Function\03. Custom Min Function.csproj", "{D6F1DF12-2AF6-4795-9A81-38FB42B950CC}"
EndProject
Project("{FAE04EC0-301F-11D3-BF4B-00C04F79EFBC}") = "04. Find Evens or Odds", "04. Find Evens or Odds\04. Find Evens or Odds.csproj", "{19E02B7C-A60C-4EFF-ACBD-F733C163CC00}"
EndProject
Project("{FAE04EC0-301F-11D3-BF4B-00C04F79EFBC}") = "05. Applied Arithmetics", "05. Applied Arithmetics\05. Applied Arithmetics.csproj", "{A618CD45-8C22-4972-9AC3-385E1E63F95A}"
EndProject
Project("{FAE04EC0-301F-11D3-BF4B-00C04F79EFBC}") = "06. Reverse And Exclude", "06. Reverse And Exclude\06. Reverse And Exclude.csproj", "{238C27E4-801F-41CB-A40D-42B04C421F2D}"
EndProject
Global
	GlobalSection(SolutionConfigurationPlatforms) = preSolution
		Debug|Any CPU = Debug|Any CPU
		Release|Any CPU = Release|Any CPU
	EndGlobalSection
	GlobalSection(ProjectConfigurationPlatforms) = postSolution
		{C7CF62A6-C600-4F62-A969-3790327E2A45}.Debug|Any CPU.ActiveCfg = Debug|Any CPU
		{C7CF62A6-C600-4F62-A969-3790327E2A45}.Debug|Any CPU.Build.0 = Debug|Any CPU
		{C7CF62A6-C600-4F62-A969-3790327E2A45}.Release|Any CPU.ActiveCfg = Release|Any CPU
		{C7CF62A6-C600-4F62-A969-3790327E2A45}.Release|Any CPU.Build.0 = Release|Any CPU
		{B6D706EF-9CE2-4046-896F-F4C56D2ED2F8}.Debug|Any CPU.ActiveCfg = Debug|Any CPU
		{B6D706EF-9CE2-4046-896F-F4C56D2ED2F8}.Debug|Any CPU.Build.0 = Debug|Any CPU
		{B6D706EF-9CE2-4046-896F-F4C56D2ED2F8}.Release|Any CPU.ActiveCfg = Release|Any CPU
		{B6D706EF-9CE2-4046-896F-F4C56D2ED2F8}.Release|Any CPU.Build.0 = Release|Any CPU
		{D6F1DF12-2AF6-4795-9A81-38FB42B950CC}.Debug|Any CPU.ActiveCfg = Debug|Any CPU
		{D6F1DF12-2AF6-4795-9A81-38FB42B950CC}.Debug|Any CPU.Build.0 = Debug|Any CPU
		{D6F1DF12-2AF6-4795-9A81-38FB42B950CC}.Release|Any CPU.ActiveCfg = Release|Any CPU
		{D6F1DF12-2AF6-4795-9A81-38FB42B950CC}.Release|Any CPU.Build.0 = Release|Any CPU
		{19E02B7C-A60C-4EFF-ACBD-F733C163CC00}.Debug|Any CPU.ActiveCfg = Debug|Any CPU
		{19E02B7C-A60C-4EFF-ACBD-F733C163CC00}.Debug|Any CPU.Build.0 = Debug|Any CPU
		{19E02B7C-A60C-4EFF-ACBD-F733C163CC00}.Release|Any CPU.ActiveCfg = Release|Any CPU
		{19E02B7C-A60C-4EFF-ACBD-F733C163CC00}.Release|Any CPU.Build.0 = Release|Any CPU
		{A618CD45-8C22-4972-9AC3-385E1E63F95A}.Debug|Any CPU.ActiveCfg = Debug|Any CPU
		{A618CD45-8C22-4972-9AC3-385E1E63F95A}.Debug|Any CPU.Build.0 = Debug|Any CPU
		{A618CD45-8C22-4972-9AC3-385E1E63F95A}.Release|Any CPU.ActiveCfg = Release|Any CPU
		{A618CD45-8C22-4972-9AC3-385E1E63F95A}.Release|Any CPU.Build.0 = Release|Any CPU
		{238C27E4-801F-41CB-A40D-42B04C421F2D}.Debug|Any CPU.ActiveCfg = Debug|Any CPU
		{238C27E4-801F-41CB-A40D-42B04C421F2D}.Debug|Any CPU.Build.0 = Debug|Any CPU
		{238C27E4-801F-41CB-A40D-42B04C421F2D}.Release|Any CPU.ActiveCfg = Release|Any CPU
		{238C27E4-801F-41CB-A40D-42B04C421F2D}.Release|Any CPU.Build.0 = Release|Any CPU
	EndGlobalSection
	GlobalSection(SolutionProperties) = preSolution
		HideSolutionNode = FALSE
	EndGlobalSection
	GlobalSection(ExtensibilityGlobals) = postSolution
		SolutionGuid = {D8B1ED7D-A385-4CA7-84D0-BE9140632B88}
	EndGlobalSection
EndGlobal
